
Microsoft Visual Studio Solution File, Format Version 12.00
# Visual Studio 15
VisualStudioVersion = 15.0.26730.16
MinimumVisualStudioVersion = 10.0.40219.1
Project("{FAE04EC0-301F-11D3-BF4B-00C04F79EFBC}") = "BPMbenchmarksGenerator", "BPMbenchmarksGenerator\BPMbenchmarksGenerator.csproj", "{BAFDCD81-1D0A-4C51-A369-06348B61DDEA}"
EndProject
Project("{FAE04EC0-301F-11D3-BF4B-00C04F79EFBC}") = "BPMbenchmarksGenerator.Tests", "BPMbenchmarksGenerator.Tests\BPMbenchmarksGenerator.Tests.csproj", "{77FB6002-1EE3-4F8E-A16B-8D345DC5B607}"
EndProject
Project("{FAE04EC0-301F-11D3-BF4B-00C04F79EFBC}") = "Brudnopis", "Brudnopis\Brudnopis.csproj", "{74D46F90-8B43-4C99-8697-02264297E594}"
EndProject
Project("{FAE04EC0-301F-11D3-BF4B-00C04F79EFBC}") = "Brudnopis2", "Brudnopis2\Brudnopis2.csproj", "{C8BFD8B6-91E8-4D48-88AF-C3C1A18B7F9A}"
EndProject
Global
	GlobalSection(SolutionConfigurationPlatforms) = preSolution
		Debug|Any CPU = Debug|Any CPU
		Release|Any CPU = Release|Any CPU
	EndGlobalSection
	GlobalSection(ProjectConfigurationPlatforms) = postSolution
		{BAFDCD81-1D0A-4C51-A369-06348B61DDEA}.Debug|Any CPU.ActiveCfg = Debug|Any CPU
		{BAFDCD81-1D0A-4C51-A369-06348B61DDEA}.Debug|Any CPU.Build.0 = Debug|Any CPU
		{BAFDCD81-1D0A-4C51-A369-06348B61DDEA}.Release|Any CPU.ActiveCfg = Release|Any CPU
		{BAFDCD81-1D0A-4C51-A369-06348B61DDEA}.Release|Any CPU.Build.0 = Release|Any CPU
		{77FB6002-1EE3-4F8E-A16B-8D345DC5B607}.Debug|Any CPU.ActiveCfg = Debug|Any CPU
		{77FB6002-1EE3-4F8E-A16B-8D345DC5B607}.Debug|Any CPU.Build.0 = Debug|Any CPU
		{77FB6002-1EE3-4F8E-A16B-8D345DC5B607}.Release|Any CPU.ActiveCfg = Release|Any CPU
		{77FB6002-1EE3-4F8E-A16B-8D345DC5B607}.Release|Any CPU.Build.0 = Release|Any CPU
		{74D46F90-8B43-4C99-8697-02264297E594}.Debug|Any CPU.ActiveCfg = Debug|Any CPU
		{74D46F90-8B43-4C99-8697-02264297E594}.Debug|Any CPU.Build.0 = Debug|Any CPU
		{74D46F90-8B43-4C99-8697-02264297E594}.Release|Any CPU.ActiveCfg = Release|Any CPU
		{74D46F90-8B43-4C99-8697-02264297E594}.Release|Any CPU.Build.0 = Release|Any CPU
		{C8BFD8B6-91E8-4D48-88AF-C3C1A18B7F9A}.Debug|Any CPU.ActiveCfg = Debug|Any CPU
		{C8BFD8B6-91E8-4D48-88AF-C3C1A18B7F9A}.Debug|Any CPU.Build.0 = Debug|Any CPU
		{C8BFD8B6-91E8-4D48-88AF-C3C1A18B7F9A}.Release|Any CPU.ActiveCfg = Release|Any CPU
		{C8BFD8B6-91E8-4D48-88AF-C3C1A18B7F9A}.Release|Any CPU.Build.0 = Release|Any CPU
	EndGlobalSection
	GlobalSection(SolutionProperties) = preSolution
		HideSolutionNode = FALSE
	EndGlobalSection
	GlobalSection(ExtensibilityGlobals) = postSolution
		SolutionGuid = {6B42866E-7734-4F04-AD98-1576C61F3A66}
	EndGlobalSection
EndGlobal
